
Microsoft Visual Studio Solution File, Format Version 12.00
# Visual Studio Version 16
VisualStudioVersion = 16.0.31911.196
MinimumVisualStudioVersion = 10.0.40219.1
Project("{FAE04EC0-301F-11D3-BF4B-00C04F79EFBC}") = "RiGa_V2.Android", "RiGa_V2\RiGa_V2.Android\RiGa_V2.Android.csproj", "{F9C1DA2E-2398-4B61-A289-13E61AC00EA0}"
EndProject
Project("{FAE04EC0-301F-11D3-BF4B-00C04F79EFBC}") = "RiGa_V2", "RiGa_V2\RiGa_V2\RiGa_V2.csproj", "{8648736D-5A61-443D-B652-85B465CCA725}"
EndProject
Global
	GlobalSection(SolutionConfigurationPlatforms) = preSolution
		Debug|Any CPU = Debug|Any CPU
		Release|Any CPU = Release|Any CPU
	EndGlobalSection
	GlobalSection(ProjectConfigurationPlatforms) = postSolution
		{F9C1DA2E-2398-4B61-A289-13E61AC00EA0}.Debug|Any CPU.ActiveCfg = Debug|Any CPU
		{F9C1DA2E-2398-4B61-A289-13E61AC00EA0}.Debug|Any CPU.Build.0 = Debug|Any CPU
		{F9C1DA2E-2398-4B61-A289-13E61AC00EA0}.Debug|Any CPU.Deploy.0 = Debug|Any CPU
		{F9C1DA2E-2398-4B61-A289-13E61AC00EA0}.Release|Any CPU.ActiveCfg = Release|Any CPU
		{F9C1DA2E-2398-4B61-A289-13E61AC00EA0}.Release|Any CPU.Build.0 = Release|Any CPU
		{F9C1DA2E-2398-4B61-A289-13E61AC00EA0}.Release|Any CPU.Deploy.0 = Release|Any CPU
		{8648736D-5A61-443D-B652-85B465CCA725}.Debug|Any CPU.ActiveCfg = Debug|Any CPU
		{8648736D-5A61-443D-B652-85B465CCA725}.Debug|Any CPU.Build.0 = Debug|Any CPU
		{8648736D-5A61-443D-B652-85B465CCA725}.Debug|Any CPU.Deploy.0 = Debug|Any CPU
		{8648736D-5A61-443D-B652-85B465CCA725}.Release|Any CPU.ActiveCfg = Release|Any CPU
		{8648736D-5A61-443D-B652-85B465CCA725}.Release|Any CPU.Build.0 = Release|Any CPU
		{8648736D-5A61-443D-B652-85B465CCA725}.Release|Any CPU.Deploy.0 = Release|Any CPU
	EndGlobalSection
	GlobalSection(SolutionProperties) = preSolution
		HideSolutionNode = FALSE
	EndGlobalSection
	GlobalSection(ExtensibilityGlobals) = postSolution
		SolutionGuid = {ADEA4BBA-FB08-4211-923C-7CFB28A80562}
	EndGlobalSection
EndGlobal
